
Microsoft Visual Studio Solution File, Format Version 12.00
# Visual Studio Version 17
VisualStudioVersion = 17.11.35312.102
MinimumVisualStudioVersion = 10.0.40219.1
Project("{FAE04EC0-301F-11D3-BF4B-00C04F79EFBC}") = "DayMapper-BE", "DayMapper-BE.csproj", "{D9B40EF5-DD8B-4D41-939D-7BF8C2F23742}"
EndProject
Global
	GlobalSection(SolutionConfigurationPlatforms) = preSolution
		Debug|Any CPU = Debug|Any CPU
		Release|Any CPU = Release|Any CPU
	EndGlobalSection
	GlobalSection(ProjectConfigurationPlatforms) = postSolution
		{D9B40EF5-DD8B-4D41-939D-7BF8C2F23742}.Debug|Any CPU.ActiveCfg = Debug|Any CPU
		{D9B40EF5-DD8B-4D41-939D-7BF8C2F23742}.Debug|Any CPU.Build.0 = Debug|Any CPU
		{D9B40EF5-DD8B-4D41-939D-7BF8C2F23742}.Release|Any CPU.ActiveCfg = Release|Any CPU
		{D9B40EF5-DD8B-4D41-939D-7BF8C2F23742}.Release|Any CPU.Build.0 = Release|Any CPU
	EndGlobalSection
	GlobalSection(SolutionProperties) = preSolution
		HideSolutionNode = FALSE
	EndGlobalSection
	GlobalSection(ExtensibilityGlobals) = postSolution
		SolutionGuid = {D0A09D46-9346-4727-B855-DDAF81D4646F}
	EndGlobalSection
EndGlobal
